
Microsoft Visual Studio Solution File, Format Version 12.00
# Visual Studio 2015
Project("{FAE04EC0-301F-11D3-BF4B-00C04F79EFBC}") = "Light Guardian 2D 5", "Light Guardian 2D 5.csproj", "{132EF565-F04C-DF07-14B9-4BA82AB73733}"
EndProject
Project("{FAE04EC0-301F-11D3-BF4B-00C04F79EFBC}") = "Light Guardian 2D 5.Editor", "Light Guardian 2D 5.Editor.csproj", "{0B61CB48-34B7-9585-AB3C-7058CEA7427B}"
EndProject
Global
	GlobalSection(SolutionConfigurationPlatforms) = preSolution
		Debug|Any CPU = Debug|Any CPU
		Release|Any CPU = Release|Any CPU
	EndGlobalSection
	GlobalSection(ProjectConfigurationPlatforms) = postSolution
		{132EF565-F04C-DF07-14B9-4BA82AB73733}.Debug|Any CPU.ActiveCfg = Debug|Any CPU
		{132EF565-F04C-DF07-14B9-4BA82AB73733}.Debug|Any CPU.Build.0 = Debug|Any CPU
		{132EF565-F04C-DF07-14B9-4BA82AB73733}.Release|Any CPU.ActiveCfg = Release|Any CPU
		{132EF565-F04C-DF07-14B9-4BA82AB73733}.Release|Any CPU.Build.0 = Release|Any CPU
		{0B61CB48-34B7-9585-AB3C-7058CEA7427B}.Debug|Any CPU.ActiveCfg = Debug|Any CPU
		{0B61CB48-34B7-9585-AB3C-7058CEA7427B}.Debug|Any CPU.Build.0 = Debug|Any CPU
		{0B61CB48-34B7-9585-AB3C-7058CEA7427B}.Release|Any CPU.ActiveCfg = Release|Any CPU
		{0B61CB48-34B7-9585-AB3C-7058CEA7427B}.Release|Any CPU.Build.0 = Release|Any CPU
	EndGlobalSection
	GlobalSection(SolutionProperties) = preSolution
		HideSolutionNode = FALSE
	EndGlobalSection
EndGlobal
